
Microsoft Visual Studio Solution File, Format Version 12.00
# Visual Studio 15
VisualStudioVersion = 15.0.27703.2026
MinimumVisualStudioVersion = 10.0.40219.1
Project("{F2A71F9B-5D33-465A-A702-920D77279786}") = "RarToZip", "RarToZip\RarToZip.fsproj", "{37F82DF3-2E21-4C08-A756-5EEDAE0CDC22}"
EndProject
Global
	GlobalSection(SolutionConfigurationPlatforms) = preSolution
		Debug|Any CPU = Debug|Any CPU
		Release|Any CPU = Release|Any CPU
	EndGlobalSection
	GlobalSection(ProjectConfigurationPlatforms) = postSolution
		{37F82DF3-2E21-4C08-A756-5EEDAE0CDC22}.Debug|Any CPU.ActiveCfg = Debug|Any CPU
		{37F82DF3-2E21-4C08-A756-5EEDAE0CDC22}.Debug|Any CPU.Build.0 = Debug|Any CPU
		{37F82DF3-2E21-4C08-A756-5EEDAE0CDC22}.Release|Any CPU.ActiveCfg = Release|Any CPU
		{37F82DF3-2E21-4C08-A756-5EEDAE0CDC22}.Release|Any CPU.Build.0 = Release|Any CPU
	EndGlobalSection
	GlobalSection(SolutionProperties) = preSolution
		HideSolutionNode = FALSE
	EndGlobalSection
	GlobalSection(ExtensibilityGlobals) = postSolution
		SolutionGuid = {3B84FEE9-ED06-42AA-9D11-31F8538E4B51}
	EndGlobalSection
EndGlobal
